
Microsoft Visual Studio Solution File, Format Version 12.00
# Visual Studio 14
VisualStudioVersion = 14.0.25420.1
MinimumVisualStudioVersion = 10.0.40219.1
Project("{FAE04EC0-301F-11D3-BF4B-00C04F79EFBC}") = "CMMI.Business", "CMMI.Business\CMMI.Business.csproj", "{C1360D77-C14C-444F-9CF6-C6E57182AB80}"
EndProject
Project("{FAE04EC0-301F-11D3-BF4B-00C04F79EFBC}") = "CMMI.Business.Tests", "CMMI.Business.Tests\CMMI.Business.Tests.csproj", "{7A9B6877-EA25-4B77-A9E6-3ABDF6E6DEF2}"
EndProject
Project("{2150E333-8FDC-42A3-9474-1A3956D46DE8}") = "Tests", "Tests", "{91BECCC7-A133-4889-9AA7-52B431D225B9}"
EndProject
Project("{FAE04EC0-301F-11D3-BF4B-00C04F79EFBC}") = "CMMI.Data", "CMMI.Data\CMMI.Data.csproj", "{7BEA98BF-0752-494B-AD06-5F23D6EEF847}"
EndProject
Project("{FAE04EC0-301F-11D3-BF4B-00C04F79EFBC}") = "CMMI.Web", "CMMI.Web\CMMI.Web.csproj", "{428564FB-9744-4E21-BF67-06DD2036584D}"
EndProject
Project("{2150E333-8FDC-42A3-9474-1A3956D46DE8}") = "Solution Items", "Solution Items", "{A33D975C-E77E-405D-96EA-6B878315837C}"
	ProjectSection(SolutionItems) = preProject
		README.md = README.md
	EndProjectSection
EndProject
Global
	GlobalSection(SolutionConfigurationPlatforms) = preSolution
		Debug|Any CPU = Debug|Any CPU
		Release|Any CPU = Release|Any CPU
	EndGlobalSection
	GlobalSection(ProjectConfigurationPlatforms) = postSolution
		{C1360D77-C14C-444F-9CF6-C6E57182AB80}.Debug|Any CPU.ActiveCfg = Debug|Any CPU
		{C1360D77-C14C-444F-9CF6-C6E57182AB80}.Debug|Any CPU.Build.0 = Debug|Any CPU
		{C1360D77-C14C-444F-9CF6-C6E57182AB80}.Release|Any CPU.ActiveCfg = Release|Any CPU
		{C1360D77-C14C-444F-9CF6-C6E57182AB80}.Release|Any CPU.Build.0 = Release|Any CPU
		{7A9B6877-EA25-4B77-A9E6-3ABDF6E6DEF2}.Debug|Any CPU.ActiveCfg = Debug|Any CPU
		{7A9B6877-EA25-4B77-A9E6-3ABDF6E6DEF2}.Debug|Any CPU.Build.0 = Debug|Any CPU
		{7A9B6877-EA25-4B77-A9E6-3ABDF6E6DEF2}.Release|Any CPU.ActiveCfg = Release|Any CPU
		{7A9B6877-EA25-4B77-A9E6-3ABDF6E6DEF2}.Release|Any CPU.Build.0 = Release|Any CPU
		{7BEA98BF-0752-494B-AD06-5F23D6EEF847}.Debug|Any CPU.ActiveCfg = Debug|Any CPU
		{7BEA98BF-0752-494B-AD06-5F23D6EEF847}.Debug|Any CPU.Build.0 = Debug|Any CPU
		{7BEA98BF-0752-494B-AD06-5F23D6EEF847}.Release|Any CPU.ActiveCfg = Release|Any CPU
		{7BEA98BF-0752-494B-AD06-5F23D6EEF847}.Release|Any CPU.Build.0 = Release|Any CPU
		{428564FB-9744-4E21-BF67-06DD2036584D}.Debug|Any CPU.ActiveCfg = Debug|Any CPU
		{428564FB-9744-4E21-BF67-06DD2036584D}.Debug|Any CPU.Build.0 = Debug|Any CPU
		{428564FB-9744-4E21-BF67-06DD2036584D}.Release|Any CPU.ActiveCfg = Release|Any CPU
		{428564FB-9744-4E21-BF67-06DD2036584D}.Release|Any CPU.Build.0 = Release|Any CPU
	EndGlobalSection
	GlobalSection(SolutionProperties) = preSolution
		HideSolutionNode = FALSE
	EndGlobalSection
	GlobalSection(NestedProjects) = preSolution
		{7A9B6877-EA25-4B77-A9E6-3ABDF6E6DEF2} = {91BECCC7-A133-4889-9AA7-52B431D225B9}
	EndGlobalSection
EndGlobal
